// !$*UTF8*$!
{
	archiveVersion = 1;
	classes = {
	};
	objectVersion = 46;
	objects = {

/* Begin PBXBuildFile section */
		6886A2101DF4CB0600148541 /* AppDelegate.swift in Sources */ = {isa = PBXBuildFile; fileRef = 6886A20F1DF4CB0600148541 /* AppDelegate.swift */; };
		6886A2121DF4CB0600148541 /* ViewController.swift in Sources */ = {isa = PBXBuildFile; fileRef = 6886A2111DF4CB0600148541 /* ViewController.swift */; };
		6886A2151DF4CB0600148541 /* Main.storyboard in Resources */ = {isa = PBXBuildFile; fileRef = 6886A2131DF4CB0600148541 /* Main.storyboard */; };
		6886A2171DF4CB0600148541 /* Assets.xcassets in Resources */ = {isa = PBXBuildFile; fileRef = 6886A2161DF4CB0600148541 /* Assets.xcassets */; };
		6886A21A1DF4CB0700148541 /* LaunchScreen.storyboard in Resources */ = {isa = PBXBuildFile; fileRef = 6886A2181DF4CB0700148541 /* LaunchScreen.storyboard */; };
		6886A2251DF4CB0700148541 /* TurfTests.swift in Sources */ = {isa = PBXBuildFile; fileRef = 6886A2241DF4CB0700148541 /* TurfTests.swift */; };
		6886A2301DF4CB0700148541 /* TurfUITests.swift in Sources */ = {isa = PBXBuildFile; fileRef = 6886A22F1DF4CB0700148541 /* TurfUITests.swift */; };
/* End PBXBuildFile section */

/* Begin PBXContainerItemProxy section */
		6886A2211DF4CB0700148541 /* PBXContainerItemProxy */ = {
			isa = PBXContainerItemProxy;
			containerPortal = 6886A2041DF4CB0600148541 /* Project object */;
			proxyType = 1;
			remoteGlobalIDString = 6886A20B1DF4CB0600148541;
			remoteInfo = Turf;
		};
		6886A22C1DF4CB0700148541 /* PBXContainerItemProxy */ = {
			isa = PBXContainerItemProxy;
			containerPortal = 6886A2041DF4CB0600148541 /* Project object */;
			proxyType = 1;
			remoteGlobalIDString = 6886A20B1DF4CB0600148541;
			remoteInfo = Turf;
		};
/* End PBXContainerItemProxy section */

/* Begin PBXFileReference section */
		6886A20C1DF4CB0600148541 /* Turf.app */ = {isa = PBXFileReference; explicitFileType = wrapper.application; includeInIndex = 0; path = Turf.app; sourceTree = BUILT_PRODUCTS_DIR; };
		6886A20F1DF4CB0600148541 /* AppDelegate.swift */ = {isa = PBXFileReference; lastKnownFileType = sourcecode.swift; path = AppDelegate.swift; sourceTree = "<group>"; };
		6886A2111DF4CB0600148541 /* ViewController.swift */ = {isa = PBXFileReference; lastKnownFileType = sourcecode.swift; path = ViewController.swift; sourceTree = "<group>"; };
		6886A2141DF4CB0600148541 /* Base */ = {isa = PBXFileReference; lastKnownFileType = file.storyboard; name = Base; path = Base.lproj/Main.storyboard; sourceTree = "<group>"; };
		6886A2161DF4CB0600148541 /* Assets.xcassets */ = {isa = PBXFileReference; lastKnownFileType = folder.assetcatalog; path = Assets.xcassets; sourceTree = "<group>"; };
		6886A2191DF4CB0700148541 /* Base */ = {isa = PBXFileReference; lastKnownFileType = file.storyboard; name = Base; path = Base.lproj/LaunchScreen.storyboard; sourceTree = "<group>"; };
		6886A21B1DF4CB0700148541 /* Info.plist */ = {isa = PBXFileReference; lastKnownFileType = text.plist.xml; path = Info.plist; sourceTree = "<group>"; };
		6886A2201DF4CB0700148541 /* TurfTests.xctest */ = {isa = PBXFileReference; explicitFileType = wrapper.cfbundle; includeInIndex = 0; path = TurfTests.xctest; sourceTree = BUILT_PRODUCTS_DIR; };
		6886A2241DF4CB0700148541 /* TurfTests.swift */ = {isa = PBXFileReference; lastKnownFileType = sourcecode.swift; path = TurfTests.swift; sourceTree = "<group>"; };
		6886A2261DF4CB0700148541 /* Info.plist */ = {isa = PBXFileReference; lastKnownFileType = text.plist.xml; path = Info.plist; sourceTree = "<group>"; };
		6886A22B1DF4CB0700148541 /* TurfUITests.xctest */ = {isa = PBXFileReference; explicitFileType = wrapper.cfbundle; includeInIndex = 0; path = TurfUITests.xctest; sourceTree = BUILT_PRODUCTS_DIR; };
		6886A22F1DF4CB0700148541 /* TurfUITests.swift */ = {isa = PBXFileReference; lastKnownFileType = sourcecode.swift; path = TurfUITests.swift; sourceTree = "<group>"; };
		6886A2311DF4CB0700148541 /* Info.plist */ = {isa = PBXFileReference; lastKnownFileType = text.plist.xml; path = Info.plist; sourceTree = "<group>"; };
/* End PBXFileReference section */

/* Begin PBXFrameworksBuildPhase section */
		6886A2091DF4CB0600148541 /* Frameworks */ = {
			isa = PBXFrameworksBuildPhase;
			buildActionMask = 2147483647;
			files = (
			);
			runOnlyForDeploymentPostprocessing = 0;
		};
		6886A21D1DF4CB0700148541 /* Frameworks */ = {
			isa = PBXFrameworksBuildPhase;
			buildActionMask = 2147483647;
			files = (
			);
			runOnlyForDeploymentPostprocessing = 0;
		};
		6886A2281DF4CB0700148541 /* Frameworks */ = {
			isa = PBXFrameworksBuildPhase;
			buildActionMask = 2147483647;
			files = (
			);
			runOnlyForDeploymentPostprocessing = 0;
		};
/* End PBXFrameworksBuildPhase section */

/* Begin PBXGroup section */
		6886A2031DF4CB0600148541 = {
			isa = PBXGroup;
			children = (
				6886A20E1DF4CB0600148541 /* Turf */,
				6886A2231DF4CB0700148541 /* TurfTests */,
				6886A22E1DF4CB0700148541 /* TurfUITests */,
				6886A20D1DF4CB0600148541 /* Products */,
			);
			sourceTree = "<group>";
		};
		6886A20D1DF4CB0600148541 /* Products */ = {
			isa = PBXGroup;
			children = (
				6886A20C1DF4CB0600148541 /* Turf.app */,
				6886A2201DF4CB0700148541 /* TurfTests.xctest */,
				6886A22B1DF4CB0700148541 /* TurfUITests.xctest */,
			);
			name = Products;
			sourceTree = "<group>";
		};
		6886A20E1DF4CB0600148541 /* Turf */ = {
			isa = PBXGroup;
			children = (
				6886A20F1DF4CB0600148541 /* AppDelegate.swift */,
				6886A2111DF4CB0600148541 /* ViewController.swift */,
				6886A2131DF4CB0600148541 /* Main.storyboard */,
				6886A2161DF4CB0600148541 /* Assets.xcassets */,
				6886A2181DF4CB0700148541 /* LaunchScreen.storyboard */,
				6886A21B1DF4CB0700148541 /* Info.plist */,
			);
			path = Turf;
			sourceTree = "<group>";
		};
		6886A2231DF4CB0700148541 /* TurfTests */ = {
			isa = PBXGroup;
			children = (
				6886A2241DF4CB0700148541 /* TurfTests.swift */,
				6886A2261DF4CB0700148541 /* Info.plist */,
			);
			path = TurfTests;
			sourceTree = "<group>";
		};
		6886A22E1DF4CB0700148541 /* TurfUITests */ = {
			isa = PBXGroup;
			children = (
				6886A22F1DF4CB0700148541 /* TurfUITests.swift */,
				6886A2311DF4CB0700148541 /* Info.plist */,
			);
			path = TurfUITests;
			sourceTree = "<group>";
		};
/* End PBXGroup section */

/* Begin PBXNativeTarget section */
		6886A20B1DF4CB0600148541 /* Turf */ = {
			isa = PBXNativeTarget;
			buildConfigurationList = 6886A2341DF4CB0700148541 /* Build configuration list for PBXNativeTarget "Turf" */;
			buildPhases = (
				6886A2081DF4CB0600148541 /* Sources */,
				6886A2091DF4CB0600148541 /* Frameworks */,
				6886A20A1DF4CB0600148541 /* Resources */,
			);
			buildRules = (
			);
			dependencies = (
			);
			name = Turf;
			productName = Turf;
			productReference = 6886A20C1DF4CB0600148541 /* Turf.app */;
			productType = "com.apple.product-type.application";
		};
		6886A21F1DF4CB0700148541 /* TurfTests */ = {
			isa = PBXNativeTarget;
			buildConfigurationList = 6886A2371DF4CB0700148541 /* Build configuration list for PBXNativeTarget "TurfTests" */;
			buildPhases = (
				6886A21C1DF4CB0700148541 /* Sources */,
				6886A21D1DF4CB0700148541 /* Frameworks */,
				6886A21E1DF4CB0700148541 /* Resources */,
			);
			buildRules = (
			);
			dependencies = (
				6886A2221DF4CB0700148541 /* PBXTargetDependency */,
			);
			name = TurfTests;
			productName = TurfTests;
			productReference = 6886A2201DF4CB0700148541 /* TurfTests.xctest */;
			productType = "com.apple.product-type.bundle.unit-test";
		};
		6886A22A1DF4CB0700148541 /* TurfUITests */ = {
			isa = PBXNativeTarget;
			buildConfigurationList = 6886A23A1DF4CB0700148541 /* Build configuration list for PBXNativeTarget "TurfUITests" */;
			buildPhases = (
				6886A2271DF4CB0700148541 /* Sources */,
				6886A2281DF4CB0700148541 /* Frameworks */,
				6886A2291DF4CB0700148541 /* Resources */,
			);
			buildRules = (
			);
			dependencies = (
				6886A22D1DF4CB0700148541 /* PBXTargetDependency */,
			);
			name = TurfUITests;
			productName = TurfUITests;
			productReference = 6886A22B1DF4CB0700148541 /* TurfUITests.xctest */;
			productType = "com.apple.product-type.bundle.ui-testing";
		};
/* End PBXNativeTarget section */

/* Begin PBXProject section */
		6886A2041DF4CB0600148541 /* Project object */ = {
			isa = PBXProject;
			attributes = {
				LastSwiftUpdateCheck = 0810;
				LastUpgradeCheck = 0810;
				ORGANIZATIONNAME = "Paul McGrath";
				TargetAttributes = {
					6886A20B1DF4CB0600148541 = {
						CreatedOnToolsVersion = 8.1;
						DevelopmentTeam = 95948KX624;
						ProvisioningStyle = Automatic;
					};
					6886A21F1DF4CB0700148541 = {
						CreatedOnToolsVersion = 8.1;
						DevelopmentTeam = 95948KX624;
						ProvisioningStyle = Automatic;
						TestTargetID = 6886A20B1DF4CB0600148541;
					};
					6886A22A1DF4CB0700148541 = {
						CreatedOnToolsVersion = 8.1;
						DevelopmentTeam = 95948KX624;
						ProvisioningStyle = Automatic;
						TestTargetID = 6886A20B1DF4CB0600148541;
					};
				};
			};
			buildConfigurationList = 6886A2071DF4CB0600148541 /* Build configuration list for PBXProject "Turf" */;
			compatibilityVersion = "Xcode 3.2";
			developmentRegion = English;
			hasScannedForEncodings = 0;
			knownRegions = (
				en,
				Base,
			);
			mainGroup = 6886A2031DF4CB0600148541;
			productRefGroup = 6886A20D1DF4CB0600148541 /* Products */;
			projectDirPath = "";
			projectRoot = "";
			targets = (
				6886A20B1DF4CB0600148541 /* Turf */,
				6886A21F1DF4CB0700148541 /* TurfTests */,
				6886A22A1DF4CB0700148541 /* TurfUITests */,
			);
		};
/* End PBXProject section */

/* Begin PBXResourcesBuildPhase section */
		6886A20A1DF4CB0600148541 /* Resources */ = {
			isa = PBXResourcesBuildPhase;
			buildActionMask = 2147483647;
			files = (
				6886A21A1DF4CB0700148541 /* LaunchScreen.storyboard in Resources */,
				6886A2171DF4CB0600148541 /* Assets.xcassets in Resources */,
				6886A2151DF4CB0600148541 /* Main.storyboard in Resources */,
			);
			runOnlyForDeploymentPostprocessing = 0;
		};
		6886A21E1DF4CB0700148541 /* Resources */ = {
			isa = PBXResourcesBuildPhase;
			buildActionMask = 2147483647;
			files = (
			);
			runOnlyForDeploymentPostprocessing = 0;
		};
		6886A2291DF4CB0700148541 /* Resources */ = {
			isa = PBXResourcesBuildPhase;
			buildActionMask = 2147483647;
			files = (
			);
			runOnlyForDeploymentPostprocessing = 0;
		};
/* End PBXResourcesBuildPhase section */

/* Begin PBXSourcesBuildPhase section */
		6886A2081DF4CB0600148541 /* Sources */ = {
			isa = PBXSourcesBuildPhase;
			buildActionMask = 2147483647;
			files = (
				6886A2121DF4CB0600148541 /* ViewController.swift in Sources */,
				6886A2101DF4CB0600148541 /* AppDelegate.swift in Sources */,
			);
			runOnlyForDeploymentPostprocessing = 0;
		};
		6886A21C1DF4CB0700148541 /* Sources */ = {
			isa = PBXSourcesBuildPhase;
			buildActionMask = 2147483647;
			files = (
				6886A2251DF4CB0700148541 /* TurfTests.swift in Sources */,
			);
			runOnlyForDeploymentPostprocessing = 0;
		};
		6886A2271DF4CB0700148541 /* Sources */ = {
			isa = PBXSourcesBuildPhase;
			buildActionMask = 2147483647;
			files = (
				6886A2301DF4CB0700148541 /* TurfUITests.swift in Sources */,
			);
			runOnlyForDeploymentPostprocessing = 0;
		};
/* End PBXSourcesBuildPhase section */

/* Begin PBXTargetDependency section */
		6886A2221DF4CB0700148541 /* PBXTargetDependency */ = {
			isa = PBXTargetDependency;
			target = 6886A20B1DF4CB0600148541 /* Turf */;
			targetProxy = 6886A2211DF4CB0700148541 /* PBXContainerItemProxy */;
		};
		6886A22D1DF4CB0700148541 /* PBXTargetDependency */ = {
			isa = PBXTargetDependency;
			target = 6886A20B1DF4CB0600148541 /* Turf */;
			targetProxy = 6886A22C1DF4CB0700148541 /* PBXContainerItemProxy */;
		};
/* End PBXTargetDependency section */

/* Begin PBXVariantGroup section */
		6886A2131DF4CB0600148541 /* Main.storyboard */ = {
			isa = PBXVariantGroup;
			children = (
				6886A2141DF4CB0600148541 /* Base */,
			);
			name = Main.storyboard;
			sourceTree = "<group>";
		};
		6886A2181DF4CB0700148541 /* LaunchScreen.storyboard */ = {
			isa = PBXVariantGroup;
			children = (
				6886A2191DF4CB0700148541 /* Base */,
			);
			name = LaunchScreen.storyboard;
			sourceTree = "<group>";
		};
/* End PBXVariantGroup section */

/* Begin XCBuildConfiguration section */
		6886A2321DF4CB0700148541 /* Debug */ = {
			isa = XCBuildConfiguration;
			buildSettings = {
				ALWAYS_SEARCH_USER_PATHS = NO;
				CLANG_ANALYZER_NONNULL = YES;
				CLANG_CXX_LANGUAGE_STANDARD = "gnu++0x";
				CLANG_CXX_LIBRARY = "libc++";
				CLANG_ENABLE_MODULES = YES;
				CLANG_ENABLE_OBJC_ARC = YES;
				CLANG_WARN_BOOL_CONVERSION = YES;
				CLANG_WARN_CONSTANT_CONVERSION = YES;
				CLANG_WARN_DIRECT_OBJC_ISA_USAGE = YES_ERROR;
				CLANG_WARN_DOCUMENTATION_COMMENTS = YES;
				CLANG_WARN_EMPTY_BODY = YES;
				CLANG_WARN_ENUM_CONVERSION = YES;
				CLANG_WARN_INFINITE_RECURSION = YES;
				CLANG_WARN_INT_CONVERSION = YES;
				CLANG_WARN_OBJC_ROOT_CLASS = YES_ERROR;
				CLANG_WARN_SUSPICIOUS_MOVES = YES;
				CLANG_WARN_UNREACHABLE_CODE = YES;
				CLANG_WARN__DUPLICATE_METHOD_MATCH = YES;
				"CODE_SIGN_IDENTITY[sdk=iphoneos*]" = "iPhone Developer";
				COPY_PHASE_STRIP = NO;
				DEBUG_INFORMATION_FORMAT = dwarf;
				ENABLE_STRICT_OBJC_MSGSEND = YES;
				ENABLE_TESTABILITY = YES;
				GCC_C_LANGUAGE_STANDARD = gnu99;
				GCC_DYNAMIC_NO_PIC = NO;
				GCC_NO_COMMON_BLOCKS = YES;
				GCC_OPTIMIZATION_LEVEL = 0;
				GCC_PREPROCESSOR_DEFINITIONS = (
					"DEBUG=1",
					"$(inherited)",
				);
				GCC_WARN_64_TO_32_BIT_CONVERSION = YES;
				GCC_WARN_ABOUT_RETURN_TYPE = YES_ERROR;
				GCC_WARN_UNDECLARED_SELECTOR = YES;
				GCC_WARN_UNINITIALIZED_AUTOS = YES_AGGRESSIVE;
				GCC_WARN_UNUSED_FUNCTION = YES;
				GCC_WARN_UNUSED_VARIABLE = YES;
				IPHONEOS_DEPLOYMENT_TARGET = 10.1;
				MTL_ENABLE_DEBUG_INFO = YES;
				ONLY_ACTIVE_ARCH = YES;
				SDKROOT = iphoneos;
				SWIFT_ACTIVE_COMPILATION_CONDITIONS = DEBUG;
				SWIFT_OPTIMIZATION_LEVEL = "-Onone";
			};
			name = Debug;
		};
		6886A2331DF4CB0700148541 /* Release */ = {
			isa = XCBuildConfiguration;
			buildSettings = {
				ALWAYS_SEARCH_USER_PATHS = NO;
				CLANG_ANALYZER_NONNULL = YES;
				CLANG_CXX_LANGUAGE_STANDARD = "gnu++0x";
				CLANG_CXX_LIBRARY = "libc++";
				CLANG_ENABLE_MODULES = YES;
				CLANG_ENABLE_OBJC_ARC = YES;
				CLANG_WARN_BOOL_CONVERSION = YES;
				CLANG_WARN_CONSTANT_CONVERSION = YES;
				CLANG_WARN_DIRECT_OBJC_ISA_USAGE = YES_ERROR;
				CLANG_WARN_DOCUMENTATION_COMMENTS = YES;
				CLANG_WARN_EMPTY_BODY = YES;
				CLANG_WARN_ENUM_CONVERSION = YES;
				CLANG_WARN_INFINITE_RECURSION = YES;
				CLANG_WARN_INT_CONVERSION = YES;
				CLANG_WARN_OBJC_ROOT_CLASS = YES_ERROR;
				CLANG_WARN_SUSPICIOUS_MOVES = YES;
				CLANG_WARN_UNREACHABLE_CODE = YES;
				CLANG_WARN__DUPLICATE_METHOD_MATCH = YES;
				"CODE_SIGN_IDENTITY[sdk=iphoneos*]" = "iPhone Developer";
				COPY_PHASE_STRIP = NO;
				DEBUG_INFORMATION_FORMAT = "dwarf-with-dsym";
				ENABLE_NS_ASSERTIONS = NO;
				ENABLE_STRICT_OBJC_MSGSEND = YES;
				GCC_C_LANGUAGE_STANDARD = gnu99;
				GCC_NO_COMMON_BLOCKS = YES;
				GCC_WARN_64_TO_32_BIT_CONVERSION = YES;
				GCC_WARN_ABOUT_RETURN_TYPE = YES_ERROR;
				GCC_WARN_UNDECLARED_SELECTOR = YES;
				GCC_WARN_UNINITIALIZED_AUTOS = YES_AGGRESSIVE;
				GCC_WARN_UNUSED_FUNCTION = YES;
				GCC_WARN_UNUSED_VARIABLE = YES;
				IPHONEOS_DEPLOYMENT_TARGET = 10.1;
				MTL_ENABLE_DEBUG_INFO = NO;
				SDKROOT = iphoneos;
				SWIFT_OPTIMIZATION_LEVEL = "-Owholemodule";
				VALIDATE_PRODUCT = YES;
			};
			name = Release;
		};
		6886A2351DF4CB0700148541 /* Debug */ = {
			isa = XCBuildConfiguration;
			buildSettings = {
				ASSETCATALOG_COMPILER_APPICON_NAME = AppIcon;
				DEVELOPMENT_TEAM = 95948KX624;
				INFOPLIST_FILE = Turf/Info.plist;
				LD_RUNPATH_SEARCH_PATHS = "$(inherited) @executable_path/Frameworks";
				PRODUCT_BUNDLE_IDENTIFIER = com.gingermcninja.Turf;
				PRODUCT_NAME = "$(TARGET_NAME)";
				SWIFT_VERSION = 3.0;
			};
			name = Debug;
		};
		6886A2361DF4CB0700148541 /* Release */ = {
			isa = XCBuildConfiguration;
			buildSettings = {
				ASSETCATALOG_COMPILER_APPICON_NAME = AppIcon;
				DEVELOPMENT_TEAM = 95948KX624;
				INFOPLIST_FILE = Turf/Info.plist;
				LD_RUNPATH_SEARCH_PATHS = "$(inherited) @executable_path/Frameworks";
				PRODUCT_BUNDLE_IDENTIFIER = com.gingermcninja.Turf;
				PRODUCT_NAME = "$(TARGET_NAME)";
				SWIFT_VERSION = 3.0;
			};
			name = Release;
		};
		6886A2381DF4CB0700148541 /* Debug */ = {
			isa = XCBuildConfiguration;
			buildSettings = {
				ALWAYS_EMBED_SWIFT_STANDARD_LIBRARIES = YES;
				BUNDLE_LOADER = "$(TEST_HOST)";
				DEVELOPMENT_TEAM = 95948KX624;
				INFOPLIST_FILE = TurfTests/Info.plist;
				LD_RUNPATH_SEARCH_PATHS = "$(inherited) @executable_path/Frameworks @loader_path/Frameworks";
				PRODUCT_BUNDLE_IDENTIFIER = com.gingermcninja.TurfTests;
				PRODUCT_NAME = "$(TARGET_NAME)";
				SWIFT_VERSION = 3.0;
				TEST_HOST = "$(BUILT_PRODUCTS_DIR)/Turf.app/Turf";
			};
			name = Debug;
		};
		6886A2391DF4CB0700148541 /* Release */ = {
			isa = XCBuildConfiguration;
			buildSettings = {
				ALWAYS_EMBED_SWIFT_STANDARD_LIBRARIES = YES;
				BUNDLE_LOADER = "$(TEST_HOST)";
				DEVELOPMENT_TEAM = 95948KX624;
				INFOPLIST_FILE = TurfTests/Info.plist;
				LD_RUNPATH_SEARCH_PATHS = "$(inherited) @executable_path/Frameworks @loader_path/Frameworks";
				PRODUCT_BUNDLE_IDENTIFIER = com.gingermcninja.TurfTests;
				PRODUCT_NAME = "$(TARGET_NAME)";
				SWIFT_VERSION = 3.0;
				TEST_HOST = "$(BUILT_PRODUCTS_DIR)/Turf.app/Turf";
			};
			name = Release;
		};
		6886A23B1DF4CB0700148541 /* Debug */ = {
			isa = XCBuildConfiguration;
			buildSettings = {
				ALWAYS_EMBED_SWIFT_STANDARD_LIBRARIES = YES;
				DEVELOPMENT_TEAM = 95948KX624;
				INFOPLIST_FILE = TurfUITests/Info.plist;
				LD_RUNPATH_SEARCH_PATHS = "$(inherited) @executable_path/Frameworks @loader_path/Frameworks";
				PRODUCT_BUNDLE_IDENTIFIER = com.gingermcninja.TurfUITests;
				PRODUCT_NAME = "$(TARGET_NAME)";
				SWIFT_VERSION = 3.0;
				TEST_TARGET_NAME = Turf;
			};
			name = Debug;
		};
		6886A23C1DF4CB0700148541 /* Release */ = {
			isa = XCBuildConfiguration;
			buildSettings = {
				ALWAYS_EMBED_SWIFT_STANDARD_LIBRARIES = YES;
				DEVELOPMENT_TEAM = 95948KX624;
				INFOPLIST_FILE = TurfUITests/Info.plist;
				LD_RUNPATH_SEARCH_PATHS = "$(inherited) @executable_path/Frameworks @loader_path/Frameworks";
				PRODUCT_BUNDLE_IDENTIFIER = com.gingermcninja.TurfUITests;
				PRODUCT_NAME = "$(TARGET_NAME)";
				SWIFT_VERSION = 3.0;
				TEST_TARGET_NAME = Turf;
			};
			name = Release;
		};
/* End XCBuildConfiguration section */

/* Begin XCConfigurationList section */
		6886A2071DF4CB0600148541 /* Build configuration list for PBXProject "Turf" */ = {
			isa = XCConfigurationList;
			buildConfigurations = (
				6886A2321DF4CB0700148541 /* Debug */,
				6886A2331DF4CB0700148541 /* Release */,
			);
			defaultConfigurationIsVisible = 0;
			defaultConfigurationName = Release;
		};
		6886A2341DF4CB0700148541 /* Build configuration list for PBXNativeTarget "Turf" */ = {
			isa = XCConfigurationList;
			buildConfigurations = (
				6886A2351DF4CB0700148541 /* Debug */,
				6886A2361DF4CB0700148541 /* Release */,
			);
			defaultConfigurationIsVisible = 0;
		};
		6886A2371DF4CB0700148541 /* Build configuration list for PBXNativeTarget "TurfTests" */ = {
			isa = XCConfigurationList;
			buildConfigurations = (
				6886A2381DF4CB0700148541 /* Debug */,
				6886A2391DF4CB0700148541 /* Release */,
			);
			defaultConfigurationIsVisible = 0;
		};
		6886A23A1DF4CB0700148541 /* Build configuration list for PBXNativeTarget "TurfUITests" */ = {
			isa = XCConfigurationList;
			buildConfigurations = (
				6886A23B1DF4CB0700148541 /* Debug */,
				6886A23C1DF4CB0700148541 /* Release */,
			);
			defaultConfigurationIsVisible = 0;
		};
/* End XCConfigurationList section */
	};
	rootObject = 6886A2041DF4CB0600148541 /* Project object */;
}
